
Microsoft Visual Studio Solution File, Format Version 12.00
# Visual Studio Version 16
VisualStudioVersion = 16.0.29009.5
MinimumVisualStudioVersion = 10.0.40219.1
Project("{FAE04EC0-301F-11D3-BF4B-00C04F79EFBC}") = "InkConsumption", "InkConsumption\InkConsumption.csproj", "{9C0A94CE-D838-4386-B18E-416240F4A683}"
EndProject
Global
	GlobalSection(SolutionConfigurationPlatforms) = preSolution
		Debug|Any CPU = Debug|Any CPU
		Release|Any CPU = Release|Any CPU
	EndGlobalSection
	GlobalSection(ProjectConfigurationPlatforms) = postSolution
		{9C0A94CE-D838-4386-B18E-416240F4A683}.Debug|Any CPU.ActiveCfg = Debug|Any CPU
		{9C0A94CE-D838-4386-B18E-416240F4A683}.Debug|Any CPU.Build.0 = Debug|Any CPU
		{9C0A94CE-D838-4386-B18E-416240F4A683}.Release|Any CPU.ActiveCfg = Release|Any CPU
		{9C0A94CE-D838-4386-B18E-416240F4A683}.Release|Any CPU.Build.0 = Release|Any CPU
	EndGlobalSection
	GlobalSection(SolutionProperties) = preSolution
		HideSolutionNode = FALSE
	EndGlobalSection
	GlobalSection(ExtensibilityGlobals) = postSolution
		SolutionGuid = {6A7B5326-ACB3-44EB-ABEB-F8DCB4CDD301}
	EndGlobalSection
EndGlobal
